{
  "name": "volumecontrol-master",
  "lockfileVersion": 3,
  "requires": true,
  "packages": {
    "": {
      "devDependencies": {
        "@types/firefox-webext-browser": "^111.0.1"
      }
    },
    "node_modules/@types/firefox-webext-browser": {
      "version": "111.0.1",
      "resolved": "https://registry.npmjs.org/@types/firefox-webext-browser/-/firefox-webext-browser-111.0.1.tgz",
      "integrity": "sha512-mmHWdQTCT68X0hh0URrsIyWhJeFzZHaiprj6nni/CmsAmqYq27T0eZyu1ePeKJ/zuDD3wqtTzm5TwRFAso+oPw==",
      "dev": true
    }
  }
}
